
Microsoft Visual Studio Solution File, Format Version 12.00
# Visual Studio Version 16
VisualStudioVersion = 16.0.30621.155
MinimumVisualStudioVersion = 10.0.40219.1
Project("{2150E333-8FDC-42A3-9474-1A3956D46DE8}") = "src", "src", "{C4D52EF7-9407-422A-9AC4-90DFC25A62FA}"
EndProject
Project("{2150E333-8FDC-42A3-9474-1A3956D46DE8}") = "tests", "tests", "{EF26C9F4-3D88-4C71-AA78-3AE8200F3399}"
EndProject
Project("{9A19103F-16F7-4668-BE54-9A1E7A4F7556}") = "GymCore.Persistence", "GymCore.Infrastructure\GymCore.Persistence.csproj", "{4D681118-955E-4CD2-9E26-C7F0E8A85F02}"
EndProject
Project("{2150E333-8FDC-42A3-9474-1A3956D46DE8}") = "Core", "Core", "{1539B004-B931-4EB2-9421-E8B46C373A11}"
EndProject
Project("{2150E333-8FDC-42A3-9474-1A3956D46DE8}") = "Infrastructure", "Infrastructure", "{ED70B4DB-195D-4F29-9A52-4ADE1D054666}"
EndProject
Project("{2150E333-8FDC-42A3-9474-1A3956D46DE8}") = "API", "API", "{B551CB76-A167-4B45-ABEA-D479C37A2011}"
EndProject
Project("{2150E333-8FDC-42A3-9474-1A3956D46DE8}") = "Solution Items", "Solution Items", "{15579842-9F09-4DAA-84C5-D29500B90B37}"
	ProjectSection(SolutionItems) = preProject
		.editorconfig = .editorconfig
	EndProjectSection
EndProject
Project("{9A19103F-16F7-4668-BE54-9A1E7A4F7556}") = "GymCore.Domain", "GymCore.Domain\GymCore.Domain.csproj", "{BBBA6554-536B-4625-BA18-9787898AB145}"
EndProject
Project("{9A19103F-16F7-4668-BE54-9A1E7A4F7556}") = "GymCore.Application", "GymCore.Application\GymCore.Application.csproj", "{A965835E-18F8-4528-A584-7E874F392B92}"
EndProject
Project("{9A19103F-16F7-4668-BE54-9A1E7A4F7556}") = "GymCore.API", "GymCore.API\GymCore.API.csproj", "{5F97949E-E10B-41EB-BE1D-303E6ADD4B70}"
EndProject
Project("{FAE04EC0-301F-11D3-BF4B-00C04F79EFBC}") = "GymCore.Identity", "GymCore.Identity\GymCore.Identity.csproj", "{6E133255-EF37-42C9-A242-89DAB01CEEE1}"
EndProject
Global
	GlobalSection(SolutionConfigurationPlatforms) = preSolution
		Debug|Any CPU = Debug|Any CPU
		Release|Any CPU = Release|Any CPU
	EndGlobalSection
	GlobalSection(ProjectConfigurationPlatforms) = postSolution
		{4D681118-955E-4CD2-9E26-C7F0E8A85F02}.Debug|Any CPU.ActiveCfg = Debug|Any CPU
		{4D681118-955E-4CD2-9E26-C7F0E8A85F02}.Debug|Any CPU.Build.0 = Debug|Any CPU
		{4D681118-955E-4CD2-9E26-C7F0E8A85F02}.Release|Any CPU.ActiveCfg = Release|Any CPU
		{4D681118-955E-4CD2-9E26-C7F0E8A85F02}.Release|Any CPU.Build.0 = Release|Any CPU
		{BBBA6554-536B-4625-BA18-9787898AB145}.Debug|Any CPU.ActiveCfg = Debug|Any CPU
		{BBBA6554-536B-4625-BA18-9787898AB145}.Debug|Any CPU.Build.0 = Debug|Any CPU
		{BBBA6554-536B-4625-BA18-9787898AB145}.Release|Any CPU.ActiveCfg = Release|Any CPU
		{BBBA6554-536B-4625-BA18-9787898AB145}.Release|Any CPU.Build.0 = Release|Any CPU
		{A965835E-18F8-4528-A584-7E874F392B92}.Debug|Any CPU.ActiveCfg = Debug|Any CPU
		{A965835E-18F8-4528-A584-7E874F392B92}.Debug|Any CPU.Build.0 = Debug|Any CPU
		{A965835E-18F8-4528-A584-7E874F392B92}.Release|Any CPU.ActiveCfg = Release|Any CPU
		{A965835E-18F8-4528-A584-7E874F392B92}.Release|Any CPU.Build.0 = Release|Any CPU
		{5F97949E-E10B-41EB-BE1D-303E6ADD4B70}.Debug|Any CPU.ActiveCfg = Debug|Any CPU
		{5F97949E-E10B-41EB-BE1D-303E6ADD4B70}.Debug|Any CPU.Build.0 = Debug|Any CPU
		{5F97949E-E10B-41EB-BE1D-303E6ADD4B70}.Release|Any CPU.ActiveCfg = Release|Any CPU
		{5F97949E-E10B-41EB-BE1D-303E6ADD4B70}.Release|Any CPU.Build.0 = Release|Any CPU
		{6E133255-EF37-42C9-A242-89DAB01CEEE1}.Debug|Any CPU.ActiveCfg = Debug|Any CPU
		{6E133255-EF37-42C9-A242-89DAB01CEEE1}.Debug|Any CPU.Build.0 = Debug|Any CPU
		{6E133255-EF37-42C9-A242-89DAB01CEEE1}.Release|Any CPU.ActiveCfg = Release|Any CPU
		{6E133255-EF37-42C9-A242-89DAB01CEEE1}.Release|Any CPU.Build.0 = Release|Any CPU
	EndGlobalSection
	GlobalSection(SolutionProperties) = preSolution
		HideSolutionNode = FALSE
	EndGlobalSection
	GlobalSection(NestedProjects) = preSolution
		{4D681118-955E-4CD2-9E26-C7F0E8A85F02} = {ED70B4DB-195D-4F29-9A52-4ADE1D054666}
		{1539B004-B931-4EB2-9421-E8B46C373A11} = {C4D52EF7-9407-422A-9AC4-90DFC25A62FA}
		{ED70B4DB-195D-4F29-9A52-4ADE1D054666} = {C4D52EF7-9407-422A-9AC4-90DFC25A62FA}
		{B551CB76-A167-4B45-ABEA-D479C37A2011} = {C4D52EF7-9407-422A-9AC4-90DFC25A62FA}
		{BBBA6554-536B-4625-BA18-9787898AB145} = {1539B004-B931-4EB2-9421-E8B46C373A11}
		{A965835E-18F8-4528-A584-7E874F392B92} = {1539B004-B931-4EB2-9421-E8B46C373A11}
		{5F97949E-E10B-41EB-BE1D-303E6ADD4B70} = {B551CB76-A167-4B45-ABEA-D479C37A2011}
		{6E133255-EF37-42C9-A242-89DAB01CEEE1} = {ED70B4DB-195D-4F29-9A52-4ADE1D054666}
	EndGlobalSection
	GlobalSection(ExtensibilityGlobals) = postSolution
		SolutionGuid = {0584A0E6-CA83-4C6E-978A-FAB32AB18A6E}
	EndGlobalSection
EndGlobal
