
Microsoft Visual Studio Solution File, Format Version 12.00
# Visual Studio Version 16
VisualStudioVersion = 16.0.30621.155
MinimumVisualStudioVersion = 10.0.40219.1
Project("{9A19103F-16F7-4668-BE54-9A1E7A4F7556}") = "GymCore.Web", "GymCore\GymCore.Web.csproj", "{7502F29A-54AC-4E02-A308-7AB79ACED118}"
EndProject
Project("{2150E333-8FDC-42A3-9474-1A3956D46DE8}") = "src", "src", "{C4D52EF7-9407-422A-9AC4-90DFC25A62FA}"
EndProject
Project("{2150E333-8FDC-42A3-9474-1A3956D46DE8}") = "tests", "tests", "{EF26C9F4-3D88-4C71-AA78-3AE8200F3399}"
EndProject
Project("{9A19103F-16F7-4668-BE54-9A1E7A4F7556}") = "GymCore.Infrastructure", "GymCore.Infrastructure\GymCore.Infrastructure.csproj", "{4D681118-955E-4CD2-9E26-C7F0E8A85F02}"
EndProject
Project("{2150E333-8FDC-42A3-9474-1A3956D46DE8}") = "Core", "Core", "{1539B004-B931-4EB2-9421-E8B46C373A11}"
EndProject
Project("{2150E333-8FDC-42A3-9474-1A3956D46DE8}") = "Infrastructure", "Infrastructure", "{ED70B4DB-195D-4F29-9A52-4ADE1D054666}"
EndProject
Project("{2150E333-8FDC-42A3-9474-1A3956D46DE8}") = "API", "API", "{B551CB76-A167-4B45-ABEA-D479C37A2011}"
EndProject
Project("{FAE04EC0-301F-11D3-BF4B-00C04F79EFBC}") = "GymCore.Core", "GymCore.Core\GymCore.Core.csproj", "{98DE3D0C-5410-4CE0-B2AE-E53A7DE8AC89}"
EndProject
Global
	GlobalSection(SolutionConfigurationPlatforms) = preSolution
		Debug|Any CPU = Debug|Any CPU
		Release|Any CPU = Release|Any CPU
	EndGlobalSection
	GlobalSection(ProjectConfigurationPlatforms) = postSolution
		{7502F29A-54AC-4E02-A308-7AB79ACED118}.Debug|Any CPU.ActiveCfg = Debug|Any CPU
		{7502F29A-54AC-4E02-A308-7AB79ACED118}.Debug|Any CPU.Build.0 = Debug|Any CPU
		{7502F29A-54AC-4E02-A308-7AB79ACED118}.Release|Any CPU.ActiveCfg = Release|Any CPU
		{7502F29A-54AC-4E02-A308-7AB79ACED118}.Release|Any CPU.Build.0 = Release|Any CPU
		{4D681118-955E-4CD2-9E26-C7F0E8A85F02}.Debug|Any CPU.ActiveCfg = Debug|Any CPU
		{4D681118-955E-4CD2-9E26-C7F0E8A85F02}.Debug|Any CPU.Build.0 = Debug|Any CPU
		{4D681118-955E-4CD2-9E26-C7F0E8A85F02}.Release|Any CPU.ActiveCfg = Release|Any CPU
		{4D681118-955E-4CD2-9E26-C7F0E8A85F02}.Release|Any CPU.Build.0 = Release|Any CPU
		{98DE3D0C-5410-4CE0-B2AE-E53A7DE8AC89}.Debug|Any CPU.ActiveCfg = Debug|Any CPU
		{98DE3D0C-5410-4CE0-B2AE-E53A7DE8AC89}.Debug|Any CPU.Build.0 = Debug|Any CPU
		{98DE3D0C-5410-4CE0-B2AE-E53A7DE8AC89}.Release|Any CPU.ActiveCfg = Release|Any CPU
		{98DE3D0C-5410-4CE0-B2AE-E53A7DE8AC89}.Release|Any CPU.Build.0 = Release|Any CPU
	EndGlobalSection
	GlobalSection(SolutionProperties) = preSolution
		HideSolutionNode = FALSE
	EndGlobalSection
	GlobalSection(NestedProjects) = preSolution
		{7502F29A-54AC-4E02-A308-7AB79ACED118} = {B551CB76-A167-4B45-ABEA-D479C37A2011}
		{4D681118-955E-4CD2-9E26-C7F0E8A85F02} = {ED70B4DB-195D-4F29-9A52-4ADE1D054666}
		{1539B004-B931-4EB2-9421-E8B46C373A11} = {C4D52EF7-9407-422A-9AC4-90DFC25A62FA}
		{ED70B4DB-195D-4F29-9A52-4ADE1D054666} = {C4D52EF7-9407-422A-9AC4-90DFC25A62FA}
		{B551CB76-A167-4B45-ABEA-D479C37A2011} = {C4D52EF7-9407-422A-9AC4-90DFC25A62FA}
		{98DE3D0C-5410-4CE0-B2AE-E53A7DE8AC89} = {1539B004-B931-4EB2-9421-E8B46C373A11}
	EndGlobalSection
	GlobalSection(ExtensibilityGlobals) = postSolution
		SolutionGuid = {0584A0E6-CA83-4C6E-978A-FAB32AB18A6E}
	EndGlobalSection
EndGlobal
